
Microsoft Visual Studio Solution File, Format Version 12.00
# Visual Studio Version 17
VisualStudioVersion = 17.0.31903.59
MinimumVisualStudioVersion = 10.0.40219.1
Project("{2150E333-8FDC-42A3-9474-1A3956D46DE8}") = "src", "src", "{827E0CD3-B72D-47B6-A68D-7590B98EB39B}"
EndProject
Project("{FAE04EC0-301F-11D3-BF4B-00C04F79EFBC}") = "DepthChart", "src\DepthChart\DepthChart.csproj", "{4B85353B-ED3F-4795-929C-FD9C2D5C0936}"
EndProject
Project("{2150E333-8FDC-42A3-9474-1A3956D46DE8}") = "tests", "tests", "{0AB3BF05-4346-4AA6-1389-037BE0695223}"
EndProject
Project("{FAE04EC0-301F-11D3-BF4B-00C04F79EFBC}") = "DepthChart.Benchmarks.Tests", "tests\DepthChart.Benchmarks.Tests\DepthChart.Benchmarks.Tests.csproj", "{DBDC18AC-E894-4342-980A-DBEC8B606A02}"
EndProject
Project("{FAE04EC0-301F-11D3-BF4B-00C04F79EFBC}") = "DepthChart.Tests", "tests\DepthChart.Tests\DepthChart.Tests.csproj", "{D534B75C-D64A-403C-B99B-2EAB385DE38D}"
EndProject
Global
	GlobalSection(SolutionConfigurationPlatforms) = preSolution
		Debug|Any CPU = Debug|Any CPU
		Debug|x64 = Debug|x64
		Debug|x86 = Debug|x86
		Release|Any CPU = Release|Any CPU
		Release|x64 = Release|x64
		Release|x86 = Release|x86
	EndGlobalSection
	GlobalSection(ProjectConfigurationPlatforms) = postSolution
		{4B85353B-ED3F-4795-929C-FD9C2D5C0936}.Debug|Any CPU.ActiveCfg = Debug|Any CPU
		{4B85353B-ED3F-4795-929C-FD9C2D5C0936}.Debug|Any CPU.Build.0 = Debug|Any CPU
		{4B85353B-ED3F-4795-929C-FD9C2D5C0936}.Debug|x64.ActiveCfg = Debug|Any CPU
		{4B85353B-ED3F-4795-929C-FD9C2D5C0936}.Debug|x64.Build.0 = Debug|Any CPU
		{4B85353B-ED3F-4795-929C-FD9C2D5C0936}.Debug|x86.ActiveCfg = Debug|Any CPU
		{4B85353B-ED3F-4795-929C-FD9C2D5C0936}.Debug|x86.Build.0 = Debug|Any CPU
		{4B85353B-ED3F-4795-929C-FD9C2D5C0936}.Release|Any CPU.ActiveCfg = Release|Any CPU
		{4B85353B-ED3F-4795-929C-FD9C2D5C0936}.Release|Any CPU.Build.0 = Release|Any CPU
		{4B85353B-ED3F-4795-929C-FD9C2D5C0936}.Release|x64.ActiveCfg = Release|Any CPU
		{4B85353B-ED3F-4795-929C-FD9C2D5C0936}.Release|x64.Build.0 = Release|Any CPU
		{4B85353B-ED3F-4795-929C-FD9C2D5C0936}.Release|x86.ActiveCfg = Release|Any CPU
		{4B85353B-ED3F-4795-929C-FD9C2D5C0936}.Release|x86.Build.0 = Release|Any CPU
		{DBDC18AC-E894-4342-980A-DBEC8B606A02}.Debug|Any CPU.ActiveCfg = Debug|Any CPU
		{DBDC18AC-E894-4342-980A-DBEC8B606A02}.Debug|Any CPU.Build.0 = Debug|Any CPU
		{DBDC18AC-E894-4342-980A-DBEC8B606A02}.Debug|x64.ActiveCfg = Debug|Any CPU
		{DBDC18AC-E894-4342-980A-DBEC8B606A02}.Debug|x64.Build.0 = Debug|Any CPU
		{DBDC18AC-E894-4342-980A-DBEC8B606A02}.Debug|x86.ActiveCfg = Debug|Any CPU
		{DBDC18AC-E894-4342-980A-DBEC8B606A02}.Debug|x86.Build.0 = Debug|Any CPU
		{DBDC18AC-E894-4342-980A-DBEC8B606A02}.Release|Any CPU.ActiveCfg = Release|Any CPU
		{DBDC18AC-E894-4342-980A-DBEC8B606A02}.Release|Any CPU.Build.0 = Release|Any CPU
		{DBDC18AC-E894-4342-980A-DBEC8B606A02}.Release|x64.ActiveCfg = Release|Any CPU
		{DBDC18AC-E894-4342-980A-DBEC8B606A02}.Release|x64.Build.0 = Release|Any CPU
		{DBDC18AC-E894-4342-980A-DBEC8B606A02}.Release|x86.ActiveCfg = Release|Any CPU
		{DBDC18AC-E894-4342-980A-DBEC8B606A02}.Release|x86.Build.0 = Release|Any CPU
		{D534B75C-D64A-403C-B99B-2EAB385DE38D}.Debug|Any CPU.ActiveCfg = Debug|Any CPU
		{D534B75C-D64A-403C-B99B-2EAB385DE38D}.Debug|Any CPU.Build.0 = Debug|Any CPU
		{D534B75C-D64A-403C-B99B-2EAB385DE38D}.Debug|x64.ActiveCfg = Debug|Any CPU
		{D534B75C-D64A-403C-B99B-2EAB385DE38D}.Debug|x64.Build.0 = Debug|Any CPU
		{D534B75C-D64A-403C-B99B-2EAB385DE38D}.Debug|x86.ActiveCfg = Debug|Any CPU
		{D534B75C-D64A-403C-B99B-2EAB385DE38D}.Debug|x86.Build.0 = Debug|Any CPU
		{D534B75C-D64A-403C-B99B-2EAB385DE38D}.Release|Any CPU.ActiveCfg = Release|Any CPU
		{D534B75C-D64A-403C-B99B-2EAB385DE38D}.Release|Any CPU.Build.0 = Release|Any CPU
		{D534B75C-D64A-403C-B99B-2EAB385DE38D}.Release|x64.ActiveCfg = Release|Any CPU
		{D534B75C-D64A-403C-B99B-2EAB385DE38D}.Release|x64.Build.0 = Release|Any CPU
		{D534B75C-D64A-403C-B99B-2EAB385DE38D}.Release|x86.ActiveCfg = Release|Any CPU
		{D534B75C-D64A-403C-B99B-2EAB385DE38D}.Release|x86.Build.0 = Release|Any CPU
	EndGlobalSection
	GlobalSection(SolutionProperties) = preSolution
		HideSolutionNode = FALSE
	EndGlobalSection
	GlobalSection(NestedProjects) = preSolution
		{4B85353B-ED3F-4795-929C-FD9C2D5C0936} = {827E0CD3-B72D-47B6-A68D-7590B98EB39B}
		{DBDC18AC-E894-4342-980A-DBEC8B606A02} = {0AB3BF05-4346-4AA6-1389-037BE0695223}
		{D534B75C-D64A-403C-B99B-2EAB385DE38D} = {0AB3BF05-4346-4AA6-1389-037BE0695223}
	EndGlobalSection
EndGlobal
